<?xml version="1.0" encoding="UTF-8" standalone="yes" ?>
<CodeBlocks_project_file>
	<FileVersion major="1" minor="6" />
	<Project>
		<Option title="RemotePlayerPi" />
		<Option pch_mode="2" />
		<Option compiler="gcc" />
		<Build>
			<Target title="Debug">
				<Option output="bin/Debug/RemotePlayerPi" prefix_auto="1" extension_auto="1" />
				<Option object_output="obj/Debug/" />
				<Option type="1" />
				<Option compiler="gcc" />
				<Option parameters="/home/raspi/Music" />
				<Compiler>
					<Add option="-g" />
					<Add directory="include" />
				</Compiler>
				<Linker>
					<Add library="SDL" />
					<Add library="SDL_mixer" />
					<Add library="SDL_net" />
					<Add library="boost_system" />
					<Add library="boost_filesystem" />
				</Linker>
			</Target>
			<Target title="Release">
				<Option output="bin/Release/RemotePlayerPi" prefix_auto="1" extension_auto="1" />
				<Option object_output="obj/Release/" />
				<Option type="1" />
				<Option compiler="gcc" />
				<Compiler>
					<Add option="-O2" />
					<Add directory="include" />
				</Compiler>
				<Linker>
					<Add option="-s" />
				</Linker>
			</Target>
		</Build>
		<Compiler>
			<Add option="-Wall" />
			<Add option="-fexceptions" />
		</Compiler>
		<Unit filename="include/Logger.h" />
		<Unit filename="include/RemotePlayer.h" />
		<Unit filename="include/mAudio.h" />
		<Unit filename="include/mCommand.h" />
		<Unit filename="include/mData.h" />
		<Unit filename="include/mNet.h" />
		<Unit filename="include/mBase.h" />
		<Unit filename="include/prefs.h" />
		<Unit filename="main.cpp" />
		<Unit filename="src/RemotePlayer.cpp" />
		<Unit filename="src/mAudio.cpp" />
		<Unit filename="src/mCommand.cpp" />
		<Unit filename="src/mData.cpp" />
		<Unit filename="src/mNet.cpp" />
		<Unit filename="src/mBase.cpp" />
		<Extensions>
			<code_completion />
			<debugger />
		</Extensions>
	</Project>
</CodeBlocks_project_file>
